{
  "name": "testupzip2s3",
  "version": "1.0.0",
  "lockfileVersion": 1,
  "dependencies": {
    "csv-string": {
      "version": "3.1.5",
      "resolved": "https://registry.npmjs.org/csv-string/-/csv-string-3.1.5.tgz",
      "integrity": "sha512-vkKwis9X1l31JwPsnqaoNo3PZx7k+07dlDDJ0jXgq7tCH3lIxiIaD9sAt9ETBjKFUR+nNi7PnTTpZuFy6kJe4w=="
    }
  }
}
